
Microsoft Visual Studio Solution File, Format Version 12.00
# Visual Studio Version 17
VisualStudioVersion = 17.9.34728.123
MinimumVisualStudioVersion = 10.0.40219.1
Project("{FAE04EC0-301F-11D3-BF4B-00C04F79EFBC}") = "Inzynierka", "Inzynierka\Inzynierka.csproj", "{A21FB057-935D-401A-9CC4-1849B62D05FC}"
EndProject
Global
	GlobalSection(SolutionConfigurationPlatforms) = preSolution
		Debug|Any CPU = Debug|Any CPU
		Release|Any CPU = Release|Any CPU
	EndGlobalSection
	GlobalSection(ProjectConfigurationPlatforms) = postSolution
		{A21FB057-935D-401A-9CC4-1849B62D05FC}.Debug|Any CPU.ActiveCfg = Debug|Any CPU
		{A21FB057-935D-401A-9CC4-1849B62D05FC}.Debug|Any CPU.Build.0 = Debug|Any CPU
		{A21FB057-935D-401A-9CC4-1849B62D05FC}.Release|Any CPU.ActiveCfg = Release|Any CPU
		{A21FB057-935D-401A-9CC4-1849B62D05FC}.Release|Any CPU.Build.0 = Release|Any CPU
	EndGlobalSection
	GlobalSection(SolutionProperties) = preSolution
		HideSolutionNode = FALSE
	EndGlobalSection
	GlobalSection(ExtensibilityGlobals) = postSolution
		SolutionGuid = {5103C43E-016B-4FE4-8B15-BAAA8912EAB7}
	EndGlobalSection
EndGlobal
